{"SurveyEntry":{"SurveyID":"SV_51nQDzGIVF11r26","SurveyName":"Bayesian Modeling of the Well-Made Surprise","SurveyDescription":null,"SurveyOwnerID":"UR_egFyZQZJc3M4oQu","SurveyBrandID":"anu","DivisionID":null,"SurveyLanguage":"EN","SurveyActiveResponseSet":"RS_9FCa5Wc6XFhqNLg","SurveyStatus":"Inactive","SurveyStartDate":"0000-00-00 00:00:00","SurveyExpirationDate":"0000-00-00 00:00:00","SurveyCreationDate":"2021-11-08 21:27:29","CreatorID":"UR_egFyZQZJc3M4oQu","LastModified":"2022-05-03 20:07:24","LastAccessed":"0000-00-00 00:00:00","LastActivated":"2021-11-08 21:43:26","Deleted":null},"SurveyElements":[{"SurveyID":"SV_51nQDzGIVF11r26","Element":"BL","PrimaryAttribute":"Survey Blocks","SecondaryAttribute":null,"TertiaryAttribute":null,"Payload":[{"Type":"Trash","Description":"Trash \/ Unused Questions","ID":"BL_801rnAzLY5Cqodw","BlockElements":[{"Type":"Question","QuestionID":"QID43"},{"Type":"Question","QuestionID":"QID44"}]},{"Type":"Standard","Description":"Story 1","ID":"BL_8IjEnB8dSpaROWd","BlockElements":[{"Type":"Question","QuestionID":"QID1"},{"Type":"Question","QuestionID":"QID2"},{"Type":"Page Break"},{"Type":"Question","QuestionID":"QID3"},{"Type":"Question","QuestionID":"QID4"}],"Options":{"BlockLocking":false,"RandomizeQuestions":"false","BlockVisibility":"Collapsed"}},{"Type":"Standard","Description":"Story 2","ID":"BL_kcvyaTDRI3X5xwN","BlockElements":[{"Type":"Question","QuestionID":"QID5"},{"Type":"Question","QuestionID":"QID6"},{"Type":"Page Break"},{"Type":"Question","QuestionID":"QID7"},{"Type":"Question","QuestionID":"QID8"}],"Options":{"BlockLocking":false,"RandomizeQuestions":"false","BlockVisibility":"Collapsed"}},{"Type":"Standard","Description":"Story 3","ID":"BL_6bwifIMSEeQIp4f","BlockElements":[{"Type":"Question","QuestionID":"QID9"},{"Type":"Question","QuestionID":"QID10"},{"Type":"Page Break"},{"Type":"Question","QuestionID":"QID11"},{"Type":"Question","QuestionID":"QID12"}],"Options":{"BlockLocking":false,"RandomizeQuestions":"false","BlockVisibility":"Collapsed"}},{"Type":"Standard","Description":"Story 4","ID":"BL_535s5SzZ4XDRE9f","BlockElements":[{"Type":"Question","QuestionID":"QID13"},{"Type":"Question","QuestionID":"QID14"},{"Type":"Page Break"},{"Type":"Question","QuestionID":"QID15"},{"Type":"Question","QuestionID":"QID16"}],"Options":{"BlockLocking":false,"RandomizeQuestions":"false","BlockVisibility":"Collapsed"}},{"Type":"Standard","Description":"Story 5","ID":"BL_kt0JxWDBUrGOgCE","BlockElements":[{"Type":"Question","QuestionID":"QID17"},{"Type":"Question","QuestionID":"QID18"},{"Type":"Page Break"},{"Type":"Question","QuestionID":"QID19"},{"Type":"Question","QuestionID":"QID20"}],"Options":{"BlockLocking":false,"RandomizeQuestions":"false","BlockVisibility":"Collapsed"}},{"Type":"Standard","Description":"Story 6","ID":"BL_gHjMghaBSzbKXTi","BlockElements":[{"Type":"Question","QuestionID":"QID21"},{"Type":"Question","QuestionID":"QID22"},{"Type":"Page Break"},{"Type":"Question","QuestionID":"QID23"},{"Type":"Question","QuestionID":"QID24"}],"Options":{"BlockLocking":false,"RandomizeQuestions":"false","BlockVisibility":"Collapsed"}},{"Type":"Standard","Description":"Story 7","ID":"BL_6M2i8Ijn8stmTwl","BlockElements":[{"Type":"Question","QuestionID":"QID25"},{"Type":"Question","QuestionID":"QID26"},{"Type":"Page Break"},{"Type":"Question","QuestionID":"QID27"},{"Type":"Question","QuestionID":"QID28"}],"Options":{"BlockLocking":false,"RandomizeQuestions":"false","BlockVisibility":"Collapsed"}},{"Type":"Standard","Description":"Story 8","ID":"BL_L7helbvNZGNJppU","BlockElements":[{"Type":"Question","QuestionID":"QID29"},{"Type":"Question","QuestionID":"QID30"},{"Type":"Page Break"},{"Type":"Question","QuestionID":"QID31"},{"Type":"Question","QuestionID":"QID32"}],"Options":{"BlockLocking":false,"RandomizeQuestions":"false","BlockVisibility":"Collapsed"}},{"Type":"Standard","Description":"Story 9","ID":"BL_F0tcFpzmQBmO13B","BlockElements":[{"Type":"Question","QuestionID":"QID33"},{"Type":"Question","QuestionID":"QID34"},{"Type":"Page Break"},{"Type":"Question","QuestionID":"QID35"},{"Type":"Question","QuestionID":"QID36"}],"Options":{"BlockLocking":false,"RandomizeQuestions":"false","BlockVisibility":"Collapsed"}},{"Type":"Standard","Description":"Story 10","ID":"BL_6mYKwlF1ROY0mQ8","BlockElements":[{"Type":"Question","QuestionID":"QID37"},{"Type":"Question","QuestionID":"QID38"},{"Type":"Page Break"},{"Type":"Question","QuestionID":"QID39"},{"Type":"Question","QuestionID":"QID40"}],"Options":{"BlockLocking":false,"RandomizeQuestions":"false","BlockVisibility":"Collapsed"}},{"Type":"Standard","SubType":"","Description":"End of survey confirmation","ID":"BL_d1ituIgnTc5tYNw","BlockElements":[{"Type":"Question","QuestionID":"QID41"}],"Options":{"BlockLocking":"false","RandomizeQuestions":"false","PreviousButton":"","previousButtonMID":"","NextButton":"Submit","nextButtonMID":"","previousButtonLibraryID":"","nextButtonLibraryID":""}},{"Type":"Standard","SubType":"","Description":"Participant Information Sheet","ID":"BL_3KqSamdcT4Zs6Z8","BlockElements":[{"Type":"Question","QuestionID":"QID45"},{"Type":"Question","QuestionID":"QID46"},{"Type":"Question","QuestionID":"QID42"}]}]},{"SurveyID":"SV_51nQDzGIVF11r26","Element":"FL","PrimaryAttribute":"Survey Flow","SecondaryAttribute":null,"TertiaryAttribute":null,"Payload":{"Type":"Root","FlowID":"FL_1","Flow":[{"Type":"Standard","ID":"BL_3KqSamdcT4Zs6Z8","FlowID":"FL_15","Autofill":[]},{"Type":"BlockRandomizer","FlowID":"FL_2","SubSet":10,"EvenPresentation":true,"Flow":[{"Type":"Block","ID":"BL_8IjEnB8dSpaROWd","FlowID":"FL_3","Autofill":[]},{"Type":"Block","ID":"BL_kcvyaTDRI3X5xwN","FlowID":"FL_4","Autofill":[]},{"Type":"Block","ID":"BL_6bwifIMSEeQIp4f","FlowID":"FL_5","Autofill":[]},{"Type":"Block","ID":"BL_535s5SzZ4XDRE9f","FlowID":"FL_6","Autofill":[]},{"Type":"Block","ID":"BL_kt0JxWDBUrGOgCE","FlowID":"FL_7","Autofill":[]},{"Type":"Block","ID":"BL_gHjMghaBSzbKXTi","FlowID":"FL_8","Autofill":[]},{"Type":"Block","ID":"BL_6M2i8Ijn8stmTwl","FlowID":"FL_9","Autofill":[]},{"Type":"Block","ID":"BL_L7helbvNZGNJppU","FlowID":"FL_10","Autofill":[]},{"Type":"Block","ID":"BL_F0tcFpzmQBmO13B","FlowID":"FL_11","Autofill":[]},{"Type":"Block","ID":"BL_6mYKwlF1ROY0mQ8","FlowID":"FL_12","Autofill":[]}]},{"Type":"Block","ID":"BL_d1ituIgnTc5tYNw","FlowID":"FL_14","Autofill":[]},{"Type":"EmbeddedData","FlowID":"FL_16","EmbeddedData":[{"Description":"id","Type":"Recipient","Field":"id","VariableType":"String","DataVisibility":[],"AnalyzeText":false}]}],"Properties":{"Count":16,"RemovedFieldsets":[]}}},{"SurveyID":"SV_51nQDzGIVF11r26","Element":"SO","PrimaryAttribute":"Survey Options","SecondaryAttribute":null,"TertiaryAttribute":null,"Payload":{"BackButton":"false","SaveAndContinue":"true","SurveyProtection":"PublicSurvey","BallotBoxStuffingPrevention":"false","NoIndex":"Yes","SecureResponseFiles":"true","SurveyExpiration":"None","SurveyTermination":"Redirect","Header":"","Footer":"","ProgressBarDisplay":"None","PartialData":"+1 week","ValidationMessage":null,"PreviousButton":"","NextButton":"","SurveyTitle":"Qualtrics Survey | Qualtrics Experience Management","SkinLibrary":"anu","SkinType":"templated","Skin":{"brandingId":"8197567588","templateId":"*base","overrides":null},"NewScoring":1,"EOSMessage":null,"ShowExportTags":"false","CollectGeoLocation":"false","SurveyMetaDescription":"The most powerful, simple and trusted way to gather experience data. Start your journey to experience management and try a free account today.","PasswordProtection":"No","AnonymizeResponse":"No","RefererCheck":"No","RecaptchaV3":"false","ConfirmStart":false,"AutoConfirmStart":false,"UseCustomSurveyLinkCompletedMessage":null,"SurveyLinkCompletedMessage":null,"SurveyLinkCompletedMessageLibrary":null,"ResponseSummary":"No","EOSMessageLibrary":null,"EOSRedirectURL":"https:\/\/anupsych.sona-systems.com\/webstudy_credit.aspx?experiment_id=902&credit_token=22be0827c0c74147a8bdf2d5795fb769&survey_code=${e:\/\/Field\/id}","EmailThankYou":"false","ThankYouEmailMessageLibrary":null,"ThankYouEmailMessage":null,"ValidateMessage":"false","ValidationMessageLibrary":null,"InactiveSurvey":null,"PartialDeletion":null,"PartialDataCloseAfter":"LastActivity","InactiveMessageLibrary":null,"InactiveMessage":null,"AvailableLanguages":{"EN":[]},"SurveyName":"Bayesian Modeling of the Well-Made Surprise","ProtectSelectionIds":true}},{"SurveyID":"SV_51nQDzGIVF11r26","Element":"SCO","PrimaryAttribute":"Scoring","SecondaryAttribute":null,"TertiaryAttribute":null,"Payload":{"ScoringCategories":[],"ScoringCategoryGroups":[],"ScoringSummaryCategory":null,"ScoringSummaryAfterQuestions":0,"ScoringSummaryAfterSurvey":0,"DefaultScoringCategory":null,"AutoScoringCategory":null}},{"SurveyID":"SV_51nQDzGIVF11r26","Element":"PROJ","PrimaryAttribute":"CORE","SecondaryAttribute":null,"TertiaryAttribute":"1.1.0","Payload":{"ProjectCategory":"CORE","SchemaVersion":"1.1.0"}},{"SurveyID":"SV_51nQDzGIVF11r26","Element":"STAT","PrimaryAttribute":"Survey Statistics","SecondaryAttribute":null,"TertiaryAttribute":null,"Payload":{"MobileCompatible":true,"ID":"Survey Statistics"}},{"SurveyID":"SV_51nQDzGIVF11r26","Element":"SQ","PrimaryAttribute":"QID42","SecondaryAttribute":" ","TertiaryAttribute":null,"Payload":{"QuestionText":"&nbsp;","DefaultChoices":false,"DataExportTag":"Consent","QuestionType":"MC","Selector":"SAVR","SubSelector":"TX","Configuration":{"QuestionDescriptionOption":"UseText"},"QuestionDescription":" ","Choices":{"1":{"Display":"I agree to participate in the project."},"2":{"Display":"I do not agree to participate in the project."}},"ChoiceOrder":["1","2"],"Validation":{"Settings":{"ForceResponse":"ON","ForceResponseType":"ON","Type":"CustomValidation","CustomValidation":{"Logic":{"0":{"0":{"QuestionID":"QID42","QuestionIsInLoop":"no","ChoiceLocator":"q:\/\/QID42\/SelectableChoice\/1","Operator":"Selected","QuestionIDFromLocator":"QID42","LeftOperand":"q:\/\/QID42\/SelectableChoice\/1","Type":"Expression","LogicType":"Question","Description":"<span class=\"ConjDesc\">If<\/span> <span class=\"QuestionDesc\">Please carefully read and review the participant information sheet below.\n\nInformation sheetI have read and understood the Information Sheet you have given me about the research project, and I have...<\/span> <span class=\"LeftOpDesc\">I agree to participate in the project.<\/span> <span class=\"OpDesc\">Is Selected<\/span> "},"Type":"If"},"Type":"BooleanExpression"},"Message":{"messageID":"MS_4I0QxN0pJfpIh7g","subMessageID":"VE_CUSTOM_VALIDATION_0","libraryID":"UR_egFyZQZJc3M4oQu","description":"Consent not given"}}}},"GradingData":[],"Language":[],"NextChoiceId":4,"NextAnswerId":1,"QuestionID":"QID42","DataVisibility":{"Private":false,"Hidden":false}}},{"SurveyID":"SV_51nQDzGIVF11r26","Element":"QC","PrimaryAttribute":"Survey Question Count","SecondaryAttribute":"46","TertiaryAttribute":null,"Payload":null},{"SurveyID":"SV_51nQDzGIVF11r26","Element":"SQ","PrimaryAttribute":"QID43","SecondaryAttribute":"Click to write the question text","TertiaryAttribute":null,"Payload":{"QuestionText":"Click to write the question text","DefaultChoices":false,"DataExportTag":"Q43","QuestionID":"QID43","QuestionType":"MC","Selector":"SAVR","SubSelector":"TX","Configuration":{"QuestionDescriptionOption":"UseText"},"QuestionDescription":"Click to write the question text","Choices":{"1":{"Display":"Click to write Choice 1"},"2":{"Display":"Click to write Choice 2"},"3":{"Display":"Click to write Choice 3"}},"ChoiceOrder":["1","2","3"],"Validation":{"Settings":{"ForceResponse":"OFF","Type":"None"}},"GradingData":[],"Language":[],"NextChoiceId":4,"NextAnswerId":1}},{"SurveyID":"SV_51nQDzGIVF11r26","Element":"SQ","PrimaryAttribute":"QID44","SecondaryAttribute":"Click to write the question text","TertiaryAttribute":null,"Payload":{"QuestionText":"Click to write the question text","DefaultChoices":false,"DataExportTag":"Q44","QuestionID":"QID44","QuestionType":"MC","Selector":"SAVR","SubSelector":"TX","Configuration":{"QuestionDescriptionOption":"UseText"},"QuestionDescription":"Click to write the question text","Choices":{"4":{"Display":"Click to write Choice 1"},"5":{"Display":"Click to write Choice 2"},"6":{"Display":"Click to write Choice 3"}},"ChoiceOrder":["4","5","6"],"Validation":{"Settings":{"ForceResponse":"OFF","Type":"None"}},"GradingData":[],"Language":[],"NextChoiceId":7,"NextAnswerId":1}},{"SurveyID":"SV_51nQDzGIVF11r26","Element":"SQ","PrimaryAttribute":"QID46","SecondaryAttribute":"Consent Form \u00a0 I have read and understood the Information Sheet you have given me about the resea..","TertiaryAttribute":null,"Payload":{"QuestionText":"<div><strong>Consent Form<\/strong><\/div>\n\n<div>&nbsp;<\/div>\nI have read and understood the Information Sheet you have given me about the research project, and I have had any questions and concerns about the project (listed here) addressed to my satisfaction.","DefaultChoices":false,"DataExportTag":"Questions","QuestionType":"TE","Selector":"SL","Configuration":{"QuestionDescriptionOption":"UseText"},"QuestionDescription":"Consent Form \u00a0 I have read and understood the Information Sheet you have given me about the resea...","Validation":{"Settings":{"ForceResponse":"OFF","Type":"None"}},"GradingData":[],"Language":[],"NextChoiceId":4,"NextAnswerId":1,"SearchSource":{"AllowFreeResponse":"false"},"QuestionID":"QID46"}},{"SurveyID":"SV_51nQDzGIVF11r26","Element":"RS","PrimaryAttribute":"RS_9FCa5Wc6XFhqNLg","SecondaryAttribute":"Default Response Set","TertiaryAttribute":null,"Payload":null},{"SurveyID":"SV_51nQDzGIVF11r26","Element":"SQ","PrimaryAttribute":"QID45","SecondaryAttribute":"Please carefully read and review the participant information sheet below. \u00a0 Information sheet","TertiaryAttribute":null,"Payload":{"QuestionText":"Please carefully read and review the participant information sheet below.\n<div>&nbsp;<\/div>\n\n<div><a href=\"https:\/\/anu.au1.qualtrics.com\/CP\/File.php?F=F_4JCxTpZZIxnX7Js\" rel=\"noopener\" target=\"_blank\"><span style=\"color:#3498db;\">Information sheet<\/span><\/a><\/div>","DefaultChoices":false,"DataExportTag":"Information sheet","QuestionType":"DB","Selector":"TB","Configuration":{"QuestionDescriptionOption":"UseText"},"QuestionDescription":"Please carefully read and review the participant information sheet below. \u00a0 Information sheet","ChoiceOrder":[],"Validation":{"Settings":{"Type":"None"}},"GradingData":[],"Language":[],"NextChoiceId":4,"NextAnswerId":1,"QuestionID":"QID45"}},{"SurveyID":"SV_51nQDzGIVF11r26","Element":"SQ","PrimaryAttribute":"QID2","SecondaryAttribute":"Please indicate your level of agreement or disagreement with each statement below","TertiaryAttribute":null,"Payload":{"QuestionText":"Please indicate your level of agreement or disagreement with each statement below","DefaultChoices":false,"DataExportTag":"Questionnaire afc55cc4-957f-42af-8483-515d26b93ffc","QuestionType":"Matrix","Selector":"Likert","Configuration":{"QuestionDescriptionOption":"UseText","TextPosition":"inline","ChoiceColumnWidth":25,"RepeatHeaders":"none","WhiteSpace":"OFF","MobileFirst":true,"Autoscale":{"XScale":{"Name":"agreeDisagree","Type":"likert","Reverse":false}}},"QuestionDescription":"Please indicate your level of agreement or disagreement with each statement below","Choices":{"1":{"Display":"Emma's neighbours are helpful"},"2":{"Display":"Emma's fridge is very heavy"},"3":{"Display":"The story is not surprising"},"4":{"Display":"The story is surprising"},"5":{"Display":"The story is predictable"},"6":{"Display":"The story is not predictable"},"7":{"Display":"The story contradicts itself"},"8":{"Display":"The story doesn't contradict itself"},"9":{"Display":"The story didn't make sense"},"10":{"Display":"The story made sense"},"11":{"Display":"The ending is not satisfying"},"12":{"Display":"The ending is satisfying"},"13":{"Display":"The surprise feels cheap"},"14":{"Display":"The surprise doesn't feel cheap"}},"ChoiceOrder":[1,2,3,4,5,6,7,8,9,10,11,12,13,14],"Validation":{"Settings":{"ForceResponse":"OFF","Type":"None"}},"GradingData":[],"Language":[],"NextChoiceId":16,"NextAnswerId":6,"Answers":{"1":{"Display":"Strongly disagree"},"2":{"Display":"Somewhat disagree"},"3":{"Display":"Neither agree nor disagree"},"4":{"Display":"Somewhat agree"},"5":{"Display":"Strongly agree"}},"AnswerOrder":[1,2,3,4,5],"ChoiceDataExportTags":false,"QuestionID":"QID2","AnswerColumns":3,"SubSelector":"SingleAnswer","DataVisibility":{"Private":false,"Hidden":false},"Randomization":{"Advanced":null,"TotalRandSubset":"","Type":"All"}}},{"SurveyID":"SV_51nQDzGIVF11r26","Element":"SQ","PrimaryAttribute":"QID4","SecondaryAttribute":"Please indicate your level of agreement or disagreement with each statement below","TertiaryAttribute":null,"Payload":{"QuestionText":"Please indicate your level of agreement or disagreement with each statement below","DefaultChoices":false,"DataExportTag":"Questionnaire 38370506-c31a-4ee1-a3a0-77a30da6eb19","QuestionType":"Matrix","Selector":"Likert","Configuration":{"QuestionDescriptionOption":"UseText","TextPosition":"inline","ChoiceColumnWidth":25,"RepeatHeaders":"none","WhiteSpace":"OFF","MobileFirst":true,"Autoscale":{"XScale":{"Name":"agreeDisagree","Type":"likert","Reverse":false}}},"QuestionDescription":"Please indicate your level of agreement or disagreement with each statement below","Choices":{"1":{"Display":"Emma is having an easy time moving in"},"2":{"Display":"Emma really cares about her fridge"},"3":{"Display":"The story is not surprising"},"4":{"Display":"The story is surprising"},"5":{"Display":"The story is predictable"},"6":{"Display":"The story is not predictable"},"7":{"Display":"The story contradicts itself"},"8":{"Display":"The story doesn't contradict itself"},"9":{"Display":"The story didn't make sense"},"10":{"Display":"The story made sense"},"11":{"Display":"The ending is not satisfying"},"12":{"Display":"The ending is satisfying"},"13":{"Display":"The surprise feels cheap"},"14":{"Display":"The surprise doesn't feel cheap"}},"ChoiceOrder":[1,2,3,4,5,6,7,8,9,10,11,12,13,14],"Validation":{"Settings":{"ForceResponse":"OFF","Type":"None"}},"GradingData":[],"Language":[],"NextChoiceId":16,"NextAnswerId":6,"Answers":{"1":{"Display":"Strongly disagree"},"2":{"Display":"Somewhat disagree"},"3":{"Display":"Neither agree nor disagree"},"4":{"Display":"Somewhat agree"},"5":{"Display":"Strongly agree"}},"AnswerOrder":[1,2,3,4,5],"ChoiceDataExportTags":false,"QuestionID":"QID4","AnswerColumns":3,"SubSelector":"SingleAnswer","DataVisibility":{"Private":false,"Hidden":false},"Randomization":{"Advanced":null,"TotalRandSubset":"","Type":"All"}}},{"SurveyID":"SV_51nQDzGIVF11r26","Element":"SQ","PrimaryAttribute":"QID6","SecondaryAttribute":"Please indicate your level of agreement or disagreement with each statement below","TertiaryAttribute":null,"Payload":{"QuestionText":"Please indicate your level of agreement or disagreement with each statement below","DefaultChoices":false,"DataExportTag":"Questionnaire c93e5be8-339e-4057-88dd-8fe0c3b128b0","QuestionType":"Matrix","Selector":"Likert","Configuration":{"QuestionDescriptionOption":"UseText","TextPosition":"inline","ChoiceColumnWidth":25,"RepeatHeaders":"none","WhiteSpace":"OFF","MobileFirst":true,"Autoscale":{"XScale":{"Name":"agreeDisagree","Type":"likert","Reverse":false}}},"QuestionDescription":"Please indicate your level of agreement or disagreement with each statement below","Choices":{"1":{"Display":"George's teacher was understanding"},"2":{"Display":"George is in trouble"},"3":{"Display":"The story is not surprising"},"4":{"Display":"The story is surprising"},"5":{"Display":"The story is predictable"},"6":{"Display":"The story is not predictable"},"7":{"Display":"The story contradicts itself"},"8":{"Display":"The story doesn't contradict itself"},"9":{"Display":"The story didn't make sense"},"10":{"Display":"The story made sense"},"11":{"Display":"The ending is not satisfying"},"12":{"Display":"The ending is satisfying"},"13":{"Display":"The surprise feels cheap"},"14":{"Display":"The surprise doesn't feel cheap"}},"ChoiceOrder":[1,2,3,4,5,6,7,8,9,10,11,12,13,14],"Validation":{"Settings":{"ForceResponse":"OFF","Type":"None"}},"GradingData":[],"Language":[],"NextChoiceId":16,"NextAnswerId":6,"Answers":{"1":{"Display":"Strongly disagree"},"2":{"Display":"Somewhat disagree"},"3":{"Display":"Neither agree nor disagree"},"4":{"Display":"Somewhat agree"},"5":{"Display":"Strongly agree"}},"AnswerOrder":[1,2,3,4,5],"ChoiceDataExportTags":false,"QuestionID":"QID6","AnswerColumns":3,"SubSelector":"SingleAnswer","DataVisibility":{"Private":false,"Hidden":false},"Randomization":{"Advanced":null,"TotalRandSubset":"","Type":"All"}}},{"SurveyID":"SV_51nQDzGIVF11r26","Element":"SQ","PrimaryAttribute":"QID8","SecondaryAttribute":"Please indicate your level of agreement or disagreement with each statement below","TertiaryAttribute":null,"Payload":{"QuestionText":"Please indicate your level of agreement or disagreement with each statement below","DefaultChoices":false,"DataExportTag":"Questionnaire 5bd8df64-d07a-42e8-9782-e83785c682ab","QuestionType":"Matrix","Selector":"Likert","Configuration":{"QuestionDescriptionOption":"UseText","TextPosition":"inline","ChoiceColumnWidth":25,"RepeatHeaders":"none","WhiteSpace":"OFF","MobileFirst":true,"Autoscale":{"XScale":{"Name":"agreeDisagree","Type":"likert","Reverse":false}}},"QuestionDescription":"Please indicate your level of agreement or disagreement with each statement below","Choices":{"1":{"Display":"George is an elderly man"},"2":{"Display":"George has a dog"},"3":{"Display":"The story is not surprising"},"4":{"Display":"The story is surprising"},"5":{"Display":"The story is predictable"},"6":{"Display":"The story is not predictable"},"7":{"Display":"The story contradicts itself"},"8":{"Display":"The story doesn't contradict itself"},"9":{"Display":"The story didn't make sense"},"10":{"Display":"The story made sense"},"11":{"Display":"The ending is not satisfying"},"12":{"Display":"The ending is satisfying"},"13":{"Display":"The surprise feels cheap"},"14":{"Display":"The surprise doesn't feel cheap"}},"ChoiceOrder":[1,2,3,4,5,6,7,8,9,10,11,12,13,14],"Validation":{"Settings":{"ForceResponse":"OFF","Type":"None"}},"GradingData":[],"Language":[],"NextChoiceId":16,"NextAnswerId":6,"Answers":{"1":{"Display":"Strongly disagree"},"2":{"Display":"Somewhat disagree"},"3":{"Display":"Neither agree nor disagree"},"4":{"Display":"Somewhat agree"},"5":{"Display":"Strongly agree"}},"AnswerOrder":[1,2,3,4,5],"ChoiceDataExportTags":false,"QuestionID":"QID8","AnswerColumns":3,"SubSelector":"SingleAnswer","DataVisibility":{"Private":false,"Hidden":false},"Randomization":{"Advanced":null,"TotalRandSubset":"","Type":"All"}}},{"SurveyID":"SV_51nQDzGIVF11r26","Element":"SQ","PrimaryAttribute":"QID10","SecondaryAttribute":"Please indicate your level of agreement or disagreement with each statement below","TertiaryAttribute":null,"Payload":{"QuestionText":"Please indicate your level of agreement or disagreement with each statement below","DefaultChoices":false,"DataExportTag":"Questionnaire 5aaf4f94-ea7b-4881-9abd-8dccc9ed4d4d","QuestionType":"Matrix","Selector":"Likert","Configuration":{"QuestionDescriptionOption":"UseText","TextPosition":"inline","ChoiceColumnWidth":25,"RepeatHeaders":"none","WhiteSpace":"OFF","MobileFirst":true,"Autoscale":{"XScale":{"Name":"agreeDisagree","Type":"likert","Reverse":false}}},"QuestionDescription":"Please indicate your level of agreement or disagreement with each statement below","Choices":{"1":{"Display":"The museum was closed"},"2":{"Display":"Fred preferred his toys to the real thing"},"3":{"Display":"The story is not surprising"},"4":{"Display":"The story is surprising"},"5":{"Display":"The story is predictable"},"6":{"Display":"The story is not predictable"},"7":{"Display":"The story contradicts itself"},"8":{"Display":"The story doesn't contradict itself"},"9":{"Display":"The story didn't make sense"},"10":{"Display":"The story made sense"},"11":{"Display":"The ending is not satisfying"},"12":{"Display":"The ending is satisfying"},"13":{"Display":"The surprise feels cheap"},"14":{"Display":"The surprise doesn't feel cheap"}},"ChoiceOrder":[1,2,3,4,5,6,7,8,9,10,11,12,13,14],"Validation":{"Settings":{"ForceResponse":"OFF","Type":"None"}},"GradingData":[],"Language":[],"NextChoiceId":16,"NextAnswerId":6,"Answers":{"1":{"Display":"Strongly disagree"},"2":{"Display":"Somewhat disagree"},"3":{"Display":"Neither agree nor disagree"},"4":{"Display":"Somewhat agree"},"5":{"Display":"Strongly agree"}},"AnswerOrder":[1,2,3,4,5],"ChoiceDataExportTags":false,"QuestionID":"QID10","AnswerColumns":3,"SubSelector":"SingleAnswer","DataVisibility":{"Private":false,"Hidden":false},"Randomization":{"Advanced":null,"TotalRandSubset":"","Type":"All"}}},{"SurveyID":"SV_51nQDzGIVF11r26","Element":"SQ","PrimaryAttribute":"QID12","SecondaryAttribute":"Please indicate your level of agreement or disagreement with each statement below","TertiaryAttribute":null,"Payload":{"QuestionText":"Please indicate your level of agreement or disagreement with each statement below","DefaultChoices":false,"DataExportTag":"Questionnaire 2a19fd38-1769-44f6-b744-122db6ef8b3e","QuestionType":"Matrix","Selector":"Likert","Configuration":{"QuestionDescriptionOption":"UseText","TextPosition":"inline","ChoiceColumnWidth":25,"RepeatHeaders":"none","WhiteSpace":"OFF","MobileFirst":true,"Autoscale":{"XScale":{"Name":"agreeDisagree","Type":"likert","Reverse":false}}},"QuestionDescription":"Please indicate your level of agreement or disagreement with each statement below","Choices":{"1":{"Display":"The museum was full of trains"},"2":{"Display":"Fred's dad wanted to make his son happy"},"3":{"Display":"The story is not surprising"},"4":{"Display":"The story is surprising"},"5":{"Display":"The story is predictable"},"6":{"Display":"The story is not predictable"},"7":{"Display":"The story contradicts itself"},"8":{"Display":"The story doesn't contradict itself"},"9":{"Display":"The story didn't make sense"},"10":{"Display":"The story made sense"},"11":{"Display":"The ending is not satisfying"},"12":{"Display":"The ending is satisfying"},"13":{"Display":"The surprise feels cheap"},"14":{"Display":"The surprise doesn't feel cheap"}},"ChoiceOrder":[1,2,3,4,5,6,7,8,9,10,11,12,13,14],"Validation":{"Settings":{"ForceResponse":"OFF","Type":"None"}},"GradingData":[],"Language":[],"NextChoiceId":16,"NextAnswerId":6,"Answers":{"1":{"Display":"Strongly disagree"},"2":{"Display":"Somewhat disagree"},"3":{"Display":"Neither agree nor disagree"},"4":{"Display":"Somewhat agree"},"5":{"Display":"Strongly agree"}},"AnswerOrder":[1,2,3,4,5],"ChoiceDataExportTags":false,"QuestionID":"QID12","AnswerColumns":3,"SubSelector":"SingleAnswer","DataVisibility":{"Private":false,"Hidden":false},"Randomization":{"Advanced":null,"TotalRandSubset":"","Type":"All"}}},{"SurveyID":"SV_51nQDzGIVF11r26","Element":"SQ","PrimaryAttribute":"QID14","SecondaryAttribute":"Please indicate your level of agreement or disagreement with each statement below","TertiaryAttribute":null,"Payload":{"QuestionText":"Please indicate your level of agreement or disagreement with each statement below","DefaultChoices":false,"DataExportTag":"Questionnaire c5a5ad6a-565b-401e-ad05-11505a016a0e","QuestionType":"Matrix","Selector":"Likert","Configuration":{"QuestionDescriptionOption":"UseText","TextPosition":"inline","ChoiceColumnWidth":25,"RepeatHeaders":"none","WhiteSpace":"OFF","MobileFirst":true,"Autoscale":{"XScale":{"Name":"agreeDisagree","Type":"likert","Reverse":false}}},"QuestionDescription":"Please indicate your level of agreement or disagreement with each statement below","Choices":{"1":{"Display":"The zoo was open"},"2":{"Display":"Fred's dad couldn't take him to the zoo"},"3":{"Display":"The story is not surprising"},"4":{"Display":"The story is surprising"},"5":{"Display":"The story is predictable"},"6":{"Display":"The story is not predictable"},"7":{"Display":"The story contradicts itself"},"8":{"Display":"The story doesn't contradict itself"},"9":{"Display":"The story didn't make sense"},"10":{"Display":"The story made sense"},"11":{"Display":"The ending is not satisfying"},"12":{"Display":"The ending is satisfying"},"13":{"Display":"The surprise feels cheap"},"14":{"Display":"The surprise doesn't feel cheap"}},"ChoiceOrder":[1,2,3,4,5,6,7,8,9,10,11,12,13,14],"Validation":{"Settings":{"ForceResponse":"OFF","Type":"None"}},"GradingData":[],"Language":[],"NextChoiceId":16,"NextAnswerId":6,"Answers":{"1":{"Display":"Strongly disagree"},"2":{"Display":"Somewhat disagree"},"3":{"Display":"Neither agree nor disagree"},"4":{"Display":"Somewhat agree"},"5":{"Display":"Strongly agree"}},"AnswerOrder":[1,2,3,4,5],"ChoiceDataExportTags":false,"QuestionID":"QID14","AnswerColumns":3,"SubSelector":"SingleAnswer","DataVisibility":{"Private":false,"Hidden":false},"Randomization":{"Advanced":null,"TotalRandSubset":"","Type":"All"}}},{"SurveyID":"SV_51nQDzGIVF11r26","Element":"SQ","PrimaryAttribute":"QID16","SecondaryAttribute":"Please indicate your level of agreement or disagreement with each statement below","TertiaryAttribute":null,"Payload":{"QuestionText":"Please indicate your level of agreement or disagreement with each statement below","DefaultChoices":false,"DataExportTag":"Questionnaire a032f58a-4194-4aaf-bb97-b9c246d0d134","QuestionType":"Matrix","Selector":"Likert","Configuration":{"QuestionDescriptionOption":"UseText","TextPosition":"inline","ChoiceColumnWidth":25,"RepeatHeaders":"none","WhiteSpace":"OFF","MobileFirst":true,"Autoscale":{"XScale":{"Name":"agreeDisagree","Type":"likert","Reverse":false}}},"QuestionDescription":"Please indicate your level of agreement or disagreement with each statement below","Choices":{"1":{"Display":"Fred's dad couldn't find his way to the zoo"},"2":{"Display":"Fred was hoping to like the zoo"},"3":{"Display":"The story is not surprising"},"4":{"Display":"The story is surprising"},"5":{"Display":"The story is predictable"},"6":{"Display":"The story is not predictable"},"7":{"Display":"The story contradicts itself"},"8":{"Display":"The story doesn't contradict itself"},"9":{"Display":"The story didn't make sense"},"10":{"Display":"The story made sense"},"11":{"Display":"The ending is not satisfying"},"12":{"Display":"The ending is satisfying"},"13":{"Display":"The surprise feels cheap"},"14":{"Display":"The surprise doesn't feel cheap"}},"ChoiceOrder":[1,2,3,4,5,6,7,8,9,10,11,12,13,14],"Validation":{"Settings":{"ForceResponse":"OFF","Type":"None"}},"GradingData":[],"Language":[],"NextChoiceId":16,"NextAnswerId":6,"Answers":{"1":{"Display":"Strongly disagree"},"2":{"Display":"Somewhat disagree"},"3":{"Display":"Neither agree nor disagree"},"4":{"Display":"Somewhat agree"},"5":{"Display":"Strongly agree"}},"AnswerOrder":[1,2,3,4,5],"ChoiceDataExportTags":false,"QuestionID":"QID16","AnswerColumns":3,"SubSelector":"SingleAnswer","DataVisibility":{"Private":false,"Hidden":false},"Randomization":{"Advanced":null,"TotalRandSubset":"","Type":"All"}}},{"SurveyID":"SV_51nQDzGIVF11r26","Element":"SQ","PrimaryAttribute":"QID18","SecondaryAttribute":"Please indicate your level of agreement or disagreement with each statement below","TertiaryAttribute":null,"Payload":{"QuestionText":"Please indicate your level of agreement or disagreement with each statement below","DefaultChoices":false,"DataExportTag":"Questionnaire ef853b1e-338b-4e09-b643-c3fedaae0cc7","QuestionType":"Matrix","Selector":"Likert","Configuration":{"QuestionDescriptionOption":"UseText","TextPosition":"inline","ChoiceColumnWidth":25,"RepeatHeaders":"none","WhiteSpace":"OFF","MobileFirst":true,"Autoscale":{"XScale":{"Name":"agreeDisagree","Type":"likert","Reverse":false}}},"QuestionDescription":"Please indicate your level of agreement or disagreement with each statement below","Choices":{"1":{"Display":"Sophie is eating dinner"},"2":{"Display":"Sophie is a young child"},"3":{"Display":"The story is not surprising"},"4":{"Display":"The story is surprising"},"5":{"Display":"The story is predictable"},"6":{"Display":"The story is not predictable"},"7":{"Display":"The story contradicts itself"},"8":{"Display":"The story doesn't contradict itself"},"9":{"Display":"The story didn't make sense"},"10":{"Display":"The story made sense"},"11":{"Display":"The ending is not satisfying"},"12":{"Display":"The ending is satisfying"},"13":{"Display":"The surprise feels cheap"},"14":{"Display":"The surprise doesn't feel cheap"}},"ChoiceOrder":[1,2,3,4,5,6,7,8,9,10,11,12,13,14],"Validation":{"Settings":{"ForceResponse":"OFF","Type":"None"}},"GradingData":[],"Language":[],"NextChoiceId":16,"NextAnswerId":6,"Answers":{"1":{"Display":"Strongly disagree"},"2":{"Display":"Somewhat disagree"},"3":{"Display":"Neither agree nor disagree"},"4":{"Display":"Somewhat agree"},"5":{"Display":"Strongly agree"}},"AnswerOrder":[1,2,3,4,5],"ChoiceDataExportTags":false,"QuestionID":"QID18","AnswerColumns":3,"SubSelector":"SingleAnswer","DataVisibility":{"Private":false,"Hidden":false},"Randomization":{"Advanced":null,"TotalRandSubset":"","Type":"All"}}},{"SurveyID":"SV_51nQDzGIVF11r26","Element":"SQ","PrimaryAttribute":"QID20","SecondaryAttribute":"Please indicate your level of agreement or disagreement with each statement below","TertiaryAttribute":null,"Payload":{"QuestionText":"Please indicate your level of agreement or disagreement with each statement below","DefaultChoices":false,"DataExportTag":"Questionnaire 3d300567-329f-4c6b-a15c-39f9a8ef136f","QuestionType":"Matrix","Selector":"Likert","Configuration":{"QuestionDescriptionOption":"UseText","TextPosition":"inline","ChoiceColumnWidth":25,"RepeatHeaders":"none","WhiteSpace":"OFF","MobileFirst":true,"Autoscale":{"XScale":{"Name":"agreeDisagree","Type":"likert","Reverse":false}}},"QuestionDescription":"Please indicate your level of agreement or disagreement with each statement below","Choices":{"1":{"Display":"Sophie is eating breakfast"},"2":{"Display":"Sophie is eating at a restaurant"},"3":{"Display":"The story is not surprising"},"4":{"Display":"The story is surprising"},"5":{"Display":"The story is predictable"},"6":{"Display":"The story is not predictable"},"7":{"Display":"The story contradicts itself"},"8":{"Display":"The story doesn't contradict itself"},"9":{"Display":"The story didn't make sense"},"10":{"Display":"The story made sense"},"11":{"Display":"The ending is not satisfying"},"12":{"Display":"The ending is satisfying"},"13":{"Display":"The surprise feels cheap"},"14":{"Display":"The surprise doesn't feel cheap"}},"ChoiceOrder":[1,2,3,4,5,6,7,8,9,10,11,12,13,14],"Validation":{"Settings":{"ForceResponse":"OFF","Type":"None"}},"GradingData":[],"Language":[],"NextChoiceId":16,"NextAnswerId":6,"Answers":{"1":{"Display":"Strongly disagree"},"2":{"Display":"Somewhat disagree"},"3":{"Display":"Neither agree nor disagree"},"4":{"Display":"Somewhat agree"},"5":{"Display":"Strongly agree"}},"AnswerOrder":[1,2,3,4,5],"ChoiceDataExportTags":false,"QuestionID":"QID20","AnswerColumns":3,"SubSelector":"SingleAnswer","DataVisibility":{"Private":false,"Hidden":false},"Randomization":{"Advanced":null,"TotalRandSubset":"","Type":"All"}}},{"SurveyID":"SV_51nQDzGIVF11r26","Element":"SQ","PrimaryAttribute":"QID22","SecondaryAttribute":"Please indicate your level of agreement or disagreement with each statement below","TertiaryAttribute":null,"Payload":{"QuestionText":"Please indicate your level of agreement or disagreement with each statement below","DefaultChoices":false,"DataExportTag":"Questionnaire a8312ecf-59d2-4d96-9a41-7d5c353fe9e0","QuestionType":"Matrix","Selector":"Likert","Configuration":{"QuestionDescriptionOption":"UseText","TextPosition":"inline","ChoiceColumnWidth":25,"RepeatHeaders":"none","WhiteSpace":"OFF","MobileFirst":true,"Autoscale":{"XScale":{"Name":"agreeDisagree","Type":"likert","Reverse":false}}},"QuestionDescription":"Please indicate your level of agreement or disagreement with each statement below","Choices":{"1":{"Display":"Sarah never leaves the house"},"2":{"Display":"Sarah enjoys going for walks"},"3":{"Display":"The story is not surprising"},"4":{"Display":"The story is surprising"},"5":{"Display":"The story is predictable"},"6":{"Display":"The story is not predictable"},"7":{"Display":"The story contradicts itself"},"8":{"Display":"The story doesn't contradict itself"},"9":{"Display":"The story didn't make sense"},"10":{"Display":"The story made sense"},"11":{"Display":"The ending is not satisfying"},"12":{"Display":"The ending is satisfying"},"13":{"Display":"The surprise feels cheap"},"14":{"Display":"The surprise doesn't feel cheap"}},"ChoiceOrder":[1,2,3,4,5,6,7,8,9,10,11,12,13,14],"Validation":{"Settings":{"ForceResponse":"OFF","Type":"None"}},"GradingData":[],"Language":[],"NextChoiceId":16,"NextAnswerId":6,"Answers":{"1":{"Display":"Strongly disagree"},"2":{"Display":"Somewhat disagree"},"3":{"Display":"Neither agree nor disagree"},"4":{"Display":"Somewhat agree"},"5":{"Display":"Strongly agree"}},"AnswerOrder":[1,2,3,4,5],"ChoiceDataExportTags":false,"QuestionID":"QID22","AnswerColumns":3,"SubSelector":"SingleAnswer","DataVisibility":{"Private":false,"Hidden":false},"Randomization":{"Advanced":null,"TotalRandSubset":"","Type":"All"}}},{"SurveyID":"SV_51nQDzGIVF11r26","Element":"SQ","PrimaryAttribute":"QID24","SecondaryAttribute":"Please indicate your level of agreement or disagreement with each statement below","TertiaryAttribute":null,"Payload":{"QuestionText":"Please indicate your level of agreement or disagreement with each statement below","DefaultChoices":false,"DataExportTag":"Questionnaire a60b09d2-7d96-44e1-9ce4-14ed36cbf4f4","QuestionType":"Matrix","Selector":"Likert","Configuration":{"QuestionDescriptionOption":"UseText","TextPosition":"inline","ChoiceColumnWidth":25,"RepeatHeaders":"none","WhiteSpace":"OFF","MobileFirst":true,"Autoscale":{"XScale":{"Name":"agreeDisagree","Type":"likert","Reverse":false}}},"QuestionDescription":"Please indicate your level of agreement or disagreement with each statement below","Choices":{"1":{"Display":"Sarah lives close to a park"},"2":{"Display":"Sarah has a cat named Fluffy"},"3":{"Display":"The story is not surprising"},"4":{"Display":"The story is surprising"},"5":{"Display":"The story is predictable"},"6":{"Display":"The story is not predictable"},"7":{"Display":"The story contradicts itself"},"8":{"Display":"The story doesn't contradict itself"},"9":{"Display":"The story didn't make sense"},"10":{"Display":"The story made sense"},"11":{"Display":"The ending is not satisfying"},"12":{"Display":"The ending is satisfying"},"13":{"Display":"The surprise feels cheap"},"14":{"Display":"The surprise doesn't feel cheap"}},"ChoiceOrder":[1,2,3,4,5,6,7,8,9,10,11,12,13,14],"Validation":{"Settings":{"ForceResponse":"OFF","Type":"None"}},"GradingData":[],"Language":[],"NextChoiceId":16,"NextAnswerId":6,"Answers":{"1":{"Display":"Strongly disagree"},"2":{"Display":"Somewhat disagree"},"3":{"Display":"Neither agree nor disagree"},"4":{"Display":"Somewhat agree"},"5":{"Display":"Strongly agree"}},"AnswerOrder":[1,2,3,4,5],"ChoiceDataExportTags":false,"QuestionID":"QID24","AnswerColumns":3,"SubSelector":"SingleAnswer","DataVisibility":{"Private":false,"Hidden":false},"Randomization":{"Advanced":null,"TotalRandSubset":"","Type":"All"}}},{"SurveyID":"SV_51nQDzGIVF11r26","Element":"SQ","PrimaryAttribute":"QID26","SecondaryAttribute":"Please indicate your level of agreement or disagreement with each statement below","TertiaryAttribute":null,"Payload":{"QuestionText":"Please indicate your level of agreement or disagreement with each statement below","DefaultChoices":false,"DataExportTag":"Questionnaire 8b4db8a5-b2f0-46ea-a64d-9208edbb21dd","QuestionType":"Matrix","Selector":"Likert","Configuration":{"QuestionDescriptionOption":"UseText","TextPosition":"inline","ChoiceColumnWidth":25,"RepeatHeaders":"none","WhiteSpace":"OFF","MobileFirst":true,"Autoscale":{"XScale":{"Name":"agreeDisagree","Type":"likert","Reverse":false}}},"QuestionDescription":"Please indicate your level of agreement or disagreement with each statement below","Choices":{"1":{"Display":"Catherine's friends are watching from the beach"},"2":{"Display":"Catherine is not afraid of the waves"},"3":{"Display":"The story is not surprising"},"4":{"Display":"The story is surprising"},"5":{"Display":"The story is predictable"},"6":{"Display":"The story is not predictable"},"7":{"Display":"The story contradicts itself"},"8":{"Display":"The story doesn't contradict itself"},"9":{"Display":"The story didn't make sense"},"10":{"Display":"The story made sense"},"11":{"Display":"The ending is not satisfying"},"12":{"Display":"The ending is satisfying"},"13":{"Display":"The surprise feels cheap"},"14":{"Display":"The surprise doesn't feel cheap"}},"ChoiceOrder":[1,2,3,4,5,6,7,8,9,10,11,12,13,14],"Validation":{"Settings":{"ForceResponse":"OFF","Type":"None"}},"GradingData":[],"Language":[],"NextChoiceId":16,"NextAnswerId":6,"Answers":{"1":{"Display":"Strongly disagree"},"2":{"Display":"Somewhat disagree"},"3":{"Display":"Neither agree nor disagree"},"4":{"Display":"Somewhat agree"},"5":{"Display":"Strongly agree"}},"AnswerOrder":[1,2,3,4,5],"ChoiceDataExportTags":false,"QuestionID":"QID26","AnswerColumns":3,"SubSelector":"SingleAnswer","DataVisibility":{"Private":false,"Hidden":false},"Randomization":{"Advanced":null,"TotalRandSubset":"","Type":"All"}}},{"SurveyID":"SV_51nQDzGIVF11r26","Element":"SQ","PrimaryAttribute":"QID28","SecondaryAttribute":"Please indicate your level of agreement or disagreement with each statement below","TertiaryAttribute":null,"Payload":{"QuestionText":"Please indicate your level of agreement or disagreement with each statement below","DefaultChoices":false,"DataExportTag":"Questionnaire 1591f96c-0354-4b07-b6e4-eea7374b4b73","QuestionType":"Matrix","Selector":"Likert","Configuration":{"QuestionDescriptionOption":"UseText","TextPosition":"inline","ChoiceColumnWidth":25,"RepeatHeaders":"none","WhiteSpace":"OFF","MobileFirst":true,"Autoscale":{"XScale":{"Name":"agreeDisagree","Type":"likert","Reverse":false}}},"QuestionDescription":"Please indicate your level of agreement or disagreement with each statement below","Choices":{"1":{"Display":"Catherine doesn't know how to swim"},"2":{"Display":"The sea is calm and flat"},"3":{"Display":"The story is not surprising"},"4":{"Display":"The story is surprising"},"5":{"Display":"The story is predictable"},"6":{"Display":"The story is not predictable"},"7":{"Display":"The story contradicts itself"},"8":{"Display":"The story doesn't contradict itself"},"9":{"Display":"The story didn't make sense"},"10":{"Display":"The story made sense"},"11":{"Display":"The ending is not satisfying"},"12":{"Display":"The ending is satisfying"},"13":{"Display":"The surprise feels cheap"},"14":{"Display":"The surprise doesn't feel cheap"}},"ChoiceOrder":[1,2,3,4,5,6,7,8,9,10,11,12,13,14],"Validation":{"Settings":{"ForceResponse":"OFF","Type":"None"}},"GradingData":[],"Language":[],"NextChoiceId":16,"NextAnswerId":6,"Answers":{"1":{"Display":"Strongly disagree"},"2":{"Display":"Somewhat disagree"},"3":{"Display":"Neither agree nor disagree"},"4":{"Display":"Somewhat agree"},"5":{"Display":"Strongly agree"}},"AnswerOrder":[1,2,3,4,5],"ChoiceDataExportTags":false,"QuestionID":"QID28","AnswerColumns":3,"SubSelector":"SingleAnswer","DataVisibility":{"Private":false,"Hidden":false},"Randomization":{"Advanced":null,"TotalRandSubset":"","Type":"All"}}},{"SurveyID":"SV_51nQDzGIVF11r26","Element":"SQ","PrimaryAttribute":"QID30","SecondaryAttribute":"Please indicate your level of agreement or disagreement with each statement below","TertiaryAttribute":null,"Payload":{"QuestionText":"Please indicate your level of agreement or disagreement with each statement below","DefaultChoices":false,"DataExportTag":"Questionnaire f1950964-a906-4b8e-b4a7-1d2b3e3b5541","QuestionType":"Matrix","Selector":"Likert","Configuration":{"QuestionDescriptionOption":"UseText","TextPosition":"inline","ChoiceColumnWidth":25,"RepeatHeaders":"none","WhiteSpace":"OFF","MobileFirst":true,"Autoscale":{"XScale":{"Name":"agreeDisagree","Type":"likert","Reverse":false}}},"QuestionDescription":"Please indicate your level of agreement or disagreement with each statement below","Choices":{"1":{"Display":"Katie is a hard worker"},"2":{"Display":"Katie works from home"},"3":{"Display":"The story is not surprising"},"4":{"Display":"The story is surprising"},"5":{"Display":"The story is predictable"},"6":{"Display":"The story is not predictable"},"7":{"Display":"The story contradicts itself"},"8":{"Display":"The story doesn't contradict itself"},"9":{"Display":"The story didn't make sense"},"10":{"Display":"The story made sense"},"11":{"Display":"The ending is not satisfying"},"12":{"Display":"The ending is satisfying"},"13":{"Display":"The surprise feels cheap"},"14":{"Display":"The surprise doesn't feel cheap"}},"ChoiceOrder":[1,2,3,4,5,6,7,8,9,10,11,12,13,14],"Validation":{"Settings":{"ForceResponse":"OFF","Type":"None"}},"GradingData":[],"Language":[],"NextChoiceId":16,"NextAnswerId":6,"Answers":{"1":{"Display":"Strongly disagree"},"2":{"Display":"Somewhat disagree"},"3":{"Display":"Neither agree nor disagree"},"4":{"Display":"Somewhat agree"},"5":{"Display":"Strongly agree"}},"AnswerOrder":[1,2,3,4,5],"ChoiceDataExportTags":false,"QuestionID":"QID30","AnswerColumns":3,"SubSelector":"SingleAnswer","DataVisibility":{"Private":false,"Hidden":false},"Randomization":{"Advanced":null,"TotalRandSubset":"","Type":"All"}}},{"SurveyID":"SV_51nQDzGIVF11r26","Element":"SQ","PrimaryAttribute":"QID32","SecondaryAttribute":"Please indicate your level of agreement or disagreement with each statement below","TertiaryAttribute":null,"Payload":{"QuestionText":"Please indicate your level of agreement or disagreement with each statement below","DefaultChoices":false,"DataExportTag":"Questionnaire 81838d42-1023-47b2-b10a-952511552efd","QuestionType":"Matrix","Selector":"Likert","Configuration":{"QuestionDescriptionOption":"UseText","TextPosition":"inline","ChoiceColumnWidth":25,"RepeatHeaders":"none","WhiteSpace":"OFF","MobileFirst":true,"Autoscale":{"XScale":{"Name":"agreeDisagree","Type":"likert","Reverse":false}}},"QuestionDescription":"Please indicate your level of agreement or disagreement with each statement below","Choices":{"1":{"Display":"Katie is unemployed"},"2":{"Display":"Katie's boss knows her phone number"},"3":{"Display":"The story is not surprising"},"4":{"Display":"The story is surprising"},"5":{"Display":"The story is predictable"},"6":{"Display":"The story is not predictable"},"7":{"Display":"The story contradicts itself"},"8":{"Display":"The story doesn't contradict itself"},"9":{"Display":"The story didn't make sense"},"10":{"Display":"The story made sense"},"11":{"Display":"The ending is not satisfying"},"12":{"Display":"The ending is satisfying"},"13":{"Display":"The surprise feels cheap"},"14":{"Display":"The surprise doesn't feel cheap"}},"ChoiceOrder":[1,2,3,4,5,6,7,8,9,10,11,12,13,14],"Validation":{"Settings":{"ForceResponse":"OFF","Type":"None"}},"GradingData":[],"Language":[],"NextChoiceId":16,"NextAnswerId":6,"Answers":{"1":{"Display":"Strongly disagree"},"2":{"Display":"Somewhat disagree"},"3":{"Display":"Neither agree nor disagree"},"4":{"Display":"Somewhat agree"},"5":{"Display":"Strongly agree"}},"AnswerOrder":[1,2,3,4,5],"ChoiceDataExportTags":false,"QuestionID":"QID32","AnswerColumns":3,"SubSelector":"SingleAnswer","DataVisibility":{"Private":false,"Hidden":false},"Randomization":{"Advanced":null,"TotalRandSubset":"","Type":"All"}}},{"SurveyID":"SV_51nQDzGIVF11r26","Element":"SQ","PrimaryAttribute":"QID34","SecondaryAttribute":"Please indicate your level of agreement or disagreement with each statement below","TertiaryAttribute":null,"Payload":{"QuestionText":"Please indicate your level of agreement or disagreement with each statement below","DefaultChoices":false,"DataExportTag":"Questionnaire b4fe8ec1-0783-419d-b30e-f01b52b86e24","QuestionType":"Matrix","Selector":"Likert","Configuration":{"QuestionDescriptionOption":"UseText","TextPosition":"inline","ChoiceColumnWidth":25,"RepeatHeaders":"none","WhiteSpace":"OFF","MobileFirst":true,"Autoscale":{"XScale":{"Name":"agreeDisagree","Type":"likert","Reverse":false}}},"QuestionDescription":"Please indicate your level of agreement or disagreement with each statement below","Choices":{"1":{"Display":"Peter doesn't drink"},"2":{"Display":"Peter is used to winning"},"3":{"Display":"The story is not surprising"},"4":{"Display":"The story is surprising"},"5":{"Display":"The story is predictable"},"6":{"Display":"The story is not predictable"},"7":{"Display":"The story contradicts itself"},"8":{"Display":"The story doesn't contradict itself"},"9":{"Display":"The story didn't make sense"},"10":{"Display":"The story made sense"},"11":{"Display":"The ending is not satisfying"},"12":{"Display":"The ending is satisfying"},"13":{"Display":"The surprise feels cheap"},"14":{"Display":"The surprise doesn't feel cheap"}},"ChoiceOrder":[1,2,3,4,5,6,7,8,9,10,11,12,13,14],"Validation":{"Settings":{"ForceResponse":"OFF","Type":"None"}},"GradingData":[],"Language":[],"NextChoiceId":16,"NextAnswerId":6,"Answers":{"1":{"Display":"Strongly disagree"},"2":{"Display":"Somewhat disagree"},"3":{"Display":"Neither agree nor disagree"},"4":{"Display":"Somewhat agree"},"5":{"Display":"Strongly agree"}},"AnswerOrder":[1,2,3,4,5],"ChoiceDataExportTags":false,"QuestionID":"QID34","AnswerColumns":3,"SubSelector":"SingleAnswer","DataVisibility":{"Private":false,"Hidden":false},"Randomization":{"Advanced":null,"TotalRandSubset":"","Type":"All"}}},{"SurveyID":"SV_51nQDzGIVF11r26","Element":"SQ","PrimaryAttribute":"QID36","SecondaryAttribute":"Please indicate your level of agreement or disagreement with each statement below","TertiaryAttribute":null,"Payload":{"QuestionText":"Please indicate your level of agreement or disagreement with each statement below","DefaultChoices":false,"DataExportTag":"Questionnaire aa0c3ea6-330a-42c1-9039-250242f2056f","QuestionType":"Matrix","Selector":"Likert","Configuration":{"QuestionDescriptionOption":"UseText","TextPosition":"inline","ChoiceColumnWidth":25,"RepeatHeaders":"none","WhiteSpace":"OFF","MobileFirst":true,"Autoscale":{"XScale":{"Name":"agreeDisagree","Type":"likert","Reverse":false}}},"QuestionDescription":"Please indicate your level of agreement or disagreement with each statement below","Choices":{"1":{"Display":"Peter has no friends"},"2":{"Display":"Peter is competitive"},"3":{"Display":"The story is not surprising"},"4":{"Display":"The story is surprising"},"5":{"Display":"The story is predictable"},"6":{"Display":"The story is not predictable"},"7":{"Display":"The story contradicts itself"},"8":{"Display":"The story doesn't contradict itself"},"9":{"Display":"The story didn't make sense"},"10":{"Display":"The story made sense"},"11":{"Display":"The ending is not satisfying"},"12":{"Display":"The ending is satisfying"},"13":{"Display":"The surprise feels cheap"},"14":{"Display":"The surprise doesn't feel cheap"}},"ChoiceOrder":[1,2,3,4,5,6,7,8,9,10,11,12,13,14],"Validation":{"Settings":{"ForceResponse":"OFF","Type":"None"}},"GradingData":[],"Language":[],"NextChoiceId":16,"NextAnswerId":6,"Answers":{"1":{"Display":"Strongly disagree"},"2":{"Display":"Somewhat disagree"},"3":{"Display":"Neither agree nor disagree"},"4":{"Display":"Somewhat agree"},"5":{"Display":"Strongly agree"}},"AnswerOrder":[1,2,3,4,5],"ChoiceDataExportTags":false,"QuestionID":"QID36","AnswerColumns":3,"SubSelector":"SingleAnswer","DataVisibility":{"Private":false,"Hidden":false},"Randomization":{"Advanced":null,"TotalRandSubset":"","Type":"All"}}},{"SurveyID":"SV_51nQDzGIVF11r26","Element":"SQ","PrimaryAttribute":"QID38","SecondaryAttribute":"Please indicate your level of agreement or disagreement with each statement below","TertiaryAttribute":null,"Payload":{"QuestionText":"Please indicate your level of agreement or disagreement with each statement below","DefaultChoices":false,"DataExportTag":"Questionnaire df924f92-2b17-4e34-8915-cf743931626f","QuestionType":"Matrix","Selector":"Likert","Configuration":{"QuestionDescriptionOption":"UseText","TextPosition":"inline","ChoiceColumnWidth":25,"RepeatHeaders":"none","WhiteSpace":"OFF","MobileFirst":true,"Autoscale":{"XScale":{"Name":"agreeDisagree","Type":"likert","Reverse":false}}},"QuestionDescription":"Please indicate your level of agreement or disagreement with each statement below","Choices":{"1":{"Display":"Jimmy's parents ate the candy"},"2":{"Display":"Jimmy would never disobey his parents"},"3":{"Display":"The story is not surprising"},"4":{"Display":"The story is surprising"},"5":{"Display":"The story is predictable"},"6":{"Display":"The story is not predictable"},"7":{"Display":"The story contradicts itself"},"8":{"Display":"The story doesn't contradict itself"},"9":{"Display":"The story didn't make sense"},"10":{"Display":"The story made sense"},"11":{"Display":"The ending is not satisfying"},"12":{"Display":"The ending is satisfying"},"13":{"Display":"The surprise feels cheap"},"14":{"Display":"The surprise doesn't feel cheap"}},"ChoiceOrder":[1,2,3,4,5,6,7,8,9,10,11,12,13,14],"Validation":{"Settings":{"ForceResponse":"OFF","Type":"None"}},"GradingData":[],"Language":[],"NextChoiceId":16,"NextAnswerId":6,"Answers":{"1":{"Display":"Strongly disagree"},"2":{"Display":"Somewhat disagree"},"3":{"Display":"Neither agree nor disagree"},"4":{"Display":"Somewhat agree"},"5":{"Display":"Strongly agree"}},"AnswerOrder":[1,2,3,4,5],"ChoiceDataExportTags":false,"QuestionID":"QID38","AnswerColumns":3,"SubSelector":"SingleAnswer","DataVisibility":{"Private":false,"Hidden":false},"Randomization":{"Advanced":null,"TotalRandSubset":"","Type":"All"}}},{"SurveyID":"SV_51nQDzGIVF11r26","Element":"SQ","PrimaryAttribute":"QID40","SecondaryAttribute":"Please indicate your level of agreement or disagreement with each statement below","TertiaryAttribute":null,"Payload":{"QuestionText":"Please indicate your level of agreement or disagreement with each statement below","DefaultChoices":false,"DataExportTag":"Questionnaire 6436abf9-087a-4bf7-8ae7-b75b747568be","QuestionType":"Matrix","Selector":"Likert","Configuration":{"QuestionDescriptionOption":"UseText","TextPosition":"inline","ChoiceColumnWidth":25,"RepeatHeaders":"none","WhiteSpace":"OFF","MobileFirst":true,"Autoscale":{"XScale":{"Name":"agreeDisagree","Type":"likert","Reverse":false}}},"QuestionDescription":"Please indicate your level of agreement or disagreement with each statement below","Choices":{"1":{"Display":"Jimmy likes candy"},"2":{"Display":"Mothballs are candy"},"3":{"Display":"The story is not surprising"},"4":{"Display":"The story is surprising"},"5":{"Display":"The story is predictable"},"6":{"Display":"The story is not predictable"},"7":{"Display":"The story contradicts itself"},"8":{"Display":"The story doesn't contradict itself"},"9":{"Display":"The story didn't make sense"},"10":{"Display":"The story made sense"},"11":{"Display":"The ending is not satisfying"},"12":{"Display":"The ending is satisfying"},"13":{"Display":"The surprise feels cheap"},"14":{"Display":"The surprise doesn't feel cheap"}},"ChoiceOrder":[1,2,3,4,5,6,7,8,9,10,11,12,13,14],"Validation":{"Settings":{"ForceResponse":"OFF","Type":"None"}},"GradingData":[],"Language":[],"NextChoiceId":16,"NextAnswerId":6,"Answers":{"1":{"Display":"Strongly disagree"},"2":{"Display":"Somewhat disagree"},"3":{"Display":"Neither agree nor disagree"},"4":{"Display":"Somewhat agree"},"5":{"Display":"Strongly agree"}},"AnswerOrder":[1,2,3,4,5],"ChoiceDataExportTags":false,"QuestionID":"QID40","AnswerColumns":3,"SubSelector":"SingleAnswer","DataVisibility":{"Private":false,"Hidden":false},"Randomization":{"Advanced":null,"TotalRandSubset":"","Type":"All"}}},{"SurveyID":"SV_51nQDzGIVF11r26","Element":"SQ","PrimaryAttribute":"QID37","SecondaryAttribute":"Story 10a","TertiaryAttribute":null,"Payload":{"QuestionText":"Jimmy ate too much candy, so his parents had to hide it from him.\nOne day, he stumbled upon some candy his parents hid in a drawer.\nHis parents told him not to eat it, but Jimmy ate it anyway.\nJimmy felt guilty eating the candy.","DefaultChoices":false,"DataExportTag":"Story df924f92-2b17-4e34-8915-cf743931626f","QuestionType":"DB","Selector":"TB","Configuration":{"QuestionDescriptionOption":"UseText"},"QuestionDescription":"Story 10a","ChoiceOrder":[],"Validation":{"Settings":{"Type":"None"}},"GradingData":[],"Language":[],"NextChoiceId":4,"NextAnswerId":1,"QuestionID":"QID37","DataVisibility":{"Private":false,"Hidden":false}}},{"SurveyID":"SV_51nQDzGIVF11r26","Element":"SQ","PrimaryAttribute":"QID39","SecondaryAttribute":"Story 10b","TertiaryAttribute":null,"Payload":{"QuestionText":"Jimmy ate too much candy, so his parents had to hide it from him.\nOne day, he stumbled upon some candy his parents hid in a drawer.\nHis parents told him not to eat it, but Jimmy ate it anyway.\nJimmy spat it out immediately. It was a mothball!","DefaultChoices":false,"DataExportTag":"Story 6436abf9-087a-4bf7-8ae7-b75b747568be","QuestionType":"DB","Selector":"TB","Configuration":{"QuestionDescriptionOption":"UseText"},"QuestionDescription":"Story 10b","ChoiceOrder":[],"Validation":{"Settings":{"Type":"None"}},"GradingData":[],"Language":[],"NextChoiceId":4,"NextAnswerId":1,"QuestionID":"QID39","DataVisibility":{"Private":false,"Hidden":false}}},{"SurveyID":"SV_51nQDzGIVF11r26","Element":"SQ","PrimaryAttribute":"QID1","SecondaryAttribute":"Story 1a","TertiaryAttribute":null,"Payload":{"QuestionText":"Emma is moving furniture into her new apartment.\nShe's struggling to push her fridge up the stairs.\nHer neighbours across the hall hear her struggling and offer to help.\nTogether, they get the fridge upstairs in no time.","DefaultChoices":false,"DataExportTag":"Story afc55cc4-957f-42af-8483-515d26b93ffc","QuestionType":"DB","Selector":"TB","Configuration":{"QuestionDescriptionOption":"UseText"},"QuestionDescription":"Story 1a","ChoiceOrder":[],"Validation":{"Settings":{"Type":"None"}},"GradingData":[],"Language":[],"NextChoiceId":4,"NextAnswerId":1,"QuestionID":"QID1","DataVisibility":{"Private":false,"Hidden":false}}},{"SurveyID":"SV_51nQDzGIVF11r26","Element":"SQ","PrimaryAttribute":"QID3","SecondaryAttribute":"Story 1b","TertiaryAttribute":null,"Payload":{"QuestionText":"Emma is moving furniture into her new apartment.\nShe's struggling to push her fridge up the stairs.\nHer neighbours across the hall hear her struggling and offer to help.\nEmma thanks them but gives up.\nShe leaves the fridge in the stairwell.","DefaultChoices":false,"DataExportTag":"Story 38370506-c31a-4ee1-a3a0-77a30da6eb19","QuestionType":"DB","Selector":"TB","Configuration":{"QuestionDescriptionOption":"UseText"},"QuestionDescription":"Story 1b","ChoiceOrder":[],"Validation":{"Settings":{"Type":"None"}},"GradingData":[],"Language":[],"NextChoiceId":4,"NextAnswerId":1,"QuestionID":"QID3","DataVisibility":{"Private":false,"Hidden":false}}},{"SurveyID":"SV_51nQDzGIVF11r26","Element":"SQ","PrimaryAttribute":"QID5","SecondaryAttribute":"Story 2a","TertiaryAttribute":null,"Payload":{"QuestionText":"One morning, George is at school.\nHe's worried about the exam in the afternoon.\nHe had studied all night.\nHe fell asleep in class.\nHe woke up with a startle, the teacher over him.\nHe tried to explain himself, but he got detention after the test.","DefaultChoices":false,"DataExportTag":"Story c93e5be8-339e-4057-88dd-8fe0c3b128b0","QuestionType":"DB","Selector":"TB","Configuration":{"QuestionDescriptionOption":"UseText"},"QuestionDescription":"Story 2a","ChoiceOrder":[],"Validation":{"Settings":{"Type":"None"}},"GradingData":[],"Language":[],"NextChoiceId":4,"NextAnswerId":1,"QuestionID":"QID5","DataVisibility":{"Private":false,"Hidden":false}}},{"SurveyID":"SV_51nQDzGIVF11r26","Element":"SQ","PrimaryAttribute":"QID7","SecondaryAttribute":"Story 2b","TertiaryAttribute":null,"Payload":{"QuestionText":"One morning, George is at school.\nHe's worried about the exam in the afternoon.\nHe fell asleep in class.\nHe woke up with a startle, the teacher over him.\nGeorge played with his dog.","DefaultChoices":false,"DataExportTag":"Story 5bd8df64-d07a-42e8-9782-e83785c682ab","QuestionType":"DB","Selector":"TB","Configuration":{"QuestionDescriptionOption":"UseText"},"QuestionDescription":"Story 2b","ChoiceOrder":[],"Validation":{"Settings":{"Type":"None"}},"GradingData":[],"Language":[],"NextChoiceId":4,"NextAnswerId":1,"QuestionID":"QID7","DataVisibility":{"Private":false,"Hidden":false}}},{"SurveyID":"SV_51nQDzGIVF11r26","Element":"SQ","PrimaryAttribute":"QID9","SecondaryAttribute":"Story 3a","TertiaryAttribute":null,"Payload":{"QuestionText":"Fred loves trains.\nHe plays with his train models every day.\nOne day, his dad took him to the train museum.\nDespite his excitement, he was disappointed after seeeing the animals in person.","DefaultChoices":false,"DataExportTag":"Story 5aaf4f94-ea7b-4881-9abd-8dccc9ed4d4d","QuestionType":"DB","Selector":"TB","Configuration":{"QuestionDescriptionOption":"UseText"},"QuestionDescription":"Story 3a","ChoiceOrder":[],"Validation":{"Settings":{"Type":"None"}},"GradingData":[],"Language":[],"NextChoiceId":4,"NextAnswerId":1,"QuestionID":"QID9","DataVisibility":{"Private":false,"Hidden":false}}},{"SurveyID":"SV_51nQDzGIVF11r26","Element":"SQ","PrimaryAttribute":"QID11","SecondaryAttribute":"Story 3b","TertiaryAttribute":null,"Payload":{"QuestionText":"Fred loves trains.\nHe played with his train models every day.\nOne day, his dad took him to the train museum.\nDespite his excitement, he was disappointed after seeing the trains in person.","DefaultChoices":false,"DataExportTag":"Story 2a19fd38-1769-44f6-b744-122db6ef8b3e","QuestionType":"DB","Selector":"TB","Configuration":{"QuestionDescriptionOption":"UseText"},"QuestionDescription":"Story 3b","ChoiceOrder":[],"Validation":{"Settings":{"Type":"None"}},"GradingData":[],"Language":[],"NextChoiceId":4,"NextAnswerId":1,"QuestionID":"QID11","DataVisibility":{"Private":false,"Hidden":false}}},{"SurveyID":"SV_51nQDzGIVF11r26","Element":"SQ","PrimaryAttribute":"QID13","SecondaryAttribute":"Story 4a","TertiaryAttribute":null,"Payload":{"QuestionText":"Fred loves animals.\nHe played with his animal figurines every day.\nOne day, his dad took him to the zoo.\nDespite his excitement, he was disappointed after seeeing the trains in person.","DefaultChoices":false,"DataExportTag":"Story c5a5ad6a-565b-401e-ad05-11505a016a0e","QuestionType":"DB","Selector":"TB","Configuration":{"QuestionDescriptionOption":"UseText"},"QuestionDescription":"Story 4a","ChoiceOrder":[],"Validation":{"Settings":{"Type":"None"}},"GradingData":[],"Language":[],"NextChoiceId":4,"NextAnswerId":1,"QuestionID":"QID13","DataVisibility":{"Private":false,"Hidden":false}}},{"SurveyID":"SV_51nQDzGIVF11r26","Element":"SQ","PrimaryAttribute":"QID15","SecondaryAttribute":"Story 4b","TertiaryAttribute":null,"Payload":{"QuestionText":"Fred loves animals.\nHe played with his animal figurines every day.\nOne day, his dad took him to the zoo.\nDespite his excitement, he was disappointed after seeeing the animals in person.","DefaultChoices":false,"DataExportTag":"Story a032f58a-4194-4aaf-bb97-b9c246d0d134","QuestionType":"DB","Selector":"TB","Configuration":{"QuestionDescriptionOption":"UseText"},"QuestionDescription":"Story 4b","ChoiceOrder":[],"Validation":{"Settings":{"Type":"None"}},"GradingData":[],"Language":[],"NextChoiceId":4,"NextAnswerId":1,"QuestionID":"QID15","DataVisibility":{"Private":false,"Hidden":false}}},{"SurveyID":"SV_51nQDzGIVF11r26","Element":"SQ","PrimaryAttribute":"QID17","SecondaryAttribute":"Story 5a","TertiaryAttribute":null,"Payload":{"QuestionText":"Sophie is enjoying her evening at home.\nShe is eating her favorite childhood food, mac and cheese.\nShe gets halfway through the meal before throwing it away.\nShe couldn't stand mac and cheese these days.","DefaultChoices":false,"DataExportTag":"Story ef853b1e-338b-4e09-b643-c3fedaae0cc7","QuestionType":"DB","Selector":"TB","Configuration":{"QuestionDescriptionOption":"UseText"},"QuestionDescription":"Story 5a","ChoiceOrder":[],"Validation":{"Settings":{"Type":"None"}},"GradingData":[],"Language":[],"NextChoiceId":4,"NextAnswerId":1,"QuestionID":"QID17","DataVisibility":{"Private":false,"Hidden":false}}},{"SurveyID":"SV_51nQDzGIVF11r26","Element":"SQ","PrimaryAttribute":"QID19","SecondaryAttribute":"Story 5b","TertiaryAttribute":null,"Payload":{"QuestionText":"Sophie is enjoying her evening at home.\nShe is eating her favorite food, mac and cheese.\nShe gets halfway through the meal before throwing it away.\nShe hated mac and cheese.","DefaultChoices":false,"DataExportTag":"Story 3d300567-329f-4c6b-a15c-39f9a8ef136f","QuestionType":"DB","Selector":"TB","Configuration":{"QuestionDescriptionOption":"UseText"},"QuestionDescription":"Story 5b","ChoiceOrder":[],"Validation":{"Settings":{"Type":"None"}},"GradingData":[],"Language":[],"NextChoiceId":4,"NextAnswerId":1,"QuestionID":"QID19","DataVisibility":{"Private":false,"Hidden":false}}},{"SurveyID":"SV_51nQDzGIVF11r26","Element":"SQ","PrimaryAttribute":"QID21","SecondaryAttribute":"Story 6a","TertiaryAttribute":null,"Payload":{"QuestionText":"Sarah went to the park for a walk.\nShe always brought Fluffy with her, and today was no exception.\nShe went for a much longer walk than usual.\nWhen she returned home she was exhausted.\nShe smiled when she noticed Fluffy, eagerly waiting at a window for her to return.","DefaultChoices":false,"DataExportTag":"Story a8312ecf-59d2-4d96-9a41-7d5c353fe9e0","QuestionType":"DB","Selector":"TB","Configuration":{"QuestionDescriptionOption":"UseText"},"QuestionDescription":"Story 6a","ChoiceOrder":[],"Validation":{"Settings":{"Type":"None"}},"GradingData":[],"Language":[],"NextChoiceId":4,"NextAnswerId":1,"QuestionID":"QID21","DataVisibility":{"Private":false,"Hidden":false}}},{"SurveyID":"SV_51nQDzGIVF11r26","Element":"SQ","PrimaryAttribute":"QID23","SecondaryAttribute":"Story 6b","TertiaryAttribute":null,"Payload":{"QuestionText":"Sarah went to the park for a walk.\nShe always brought her dog Fluffy with her, but today she wanted some alone time.\nShe went for a much longer walk than usual.\nWhen she returned home she was exhausted.\nShe smiled when she noticed Fluffy, eagerly waiting at the door for her to return.","DefaultChoices":false,"DataExportTag":"Story a60b09d2-7d96-44e1-9ce4-14ed36cbf4f4","QuestionType":"DB","Selector":"TB","Configuration":{"QuestionDescriptionOption":"UseText"},"QuestionDescription":"Story 6b","ChoiceOrder":[],"Validation":{"Settings":{"Type":"None"}},"GradingData":[],"Language":[],"NextChoiceId":4,"NextAnswerId":1,"QuestionID":"QID23","DataVisibility":{"Private":false,"Hidden":false}}},{"SurveyID":"SV_51nQDzGIVF11r26","Element":"SQ","PrimaryAttribute":"QID25","SecondaryAttribute":"Story 7a","TertiaryAttribute":null,"Payload":{"QuestionText":"Catherine is enjoying her time at the seaside.\nThe beach is quiet today, there's nobody around.\nShe notices someone amongst the waves, flailing around and signaling for help.\nAlarmed, she jumps in and swims out to help them as fast as she can.\nThey were just an inflatable tumbling in the current.","DefaultChoices":false,"DataExportTag":"Story 8b4db8a5-b2f0-46ea-a64d-9208edbb21dd","QuestionType":"DB","Selector":"TB","Configuration":{"QuestionDescriptionOption":"UseText"},"QuestionDescription":"Story 7a","ChoiceOrder":[],"Validation":{"Settings":{"Type":"None"}},"GradingData":[],"Language":[],"NextChoiceId":4,"NextAnswerId":1,"QuestionID":"QID25","DataVisibility":{"Private":false,"Hidden":false}}},{"SurveyID":"SV_51nQDzGIVF11r26","Element":"SQ","PrimaryAttribute":"QID27","SecondaryAttribute":"Story 7b","TertiaryAttribute":null,"Payload":{"QuestionText":"Catherine is enjoying her time at the seaside.\nThe beach is quiet today, there's nobody around.\nShe notices someone amongst the waves, calling out for help.\nAlarmed, she jumps in and swims out to help them as fast as she can.\nThey were just an inflatable tumbling in the current.","DefaultChoices":false,"DataExportTag":"Story 1591f96c-0354-4b07-b6e4-eea7374b4b73","QuestionType":"DB","Selector":"TB","Configuration":{"QuestionDescriptionOption":"UseText"},"QuestionDescription":"Story 7b","ChoiceOrder":[],"Validation":{"Settings":{"Type":"None"}},"GradingData":[],"Language":[],"NextChoiceId":4,"NextAnswerId":1,"QuestionID":"QID27","DataVisibility":{"Private":false,"Hidden":false}}},{"SurveyID":"SV_51nQDzGIVF11r26","Element":"SQ","PrimaryAttribute":"QID29","SecondaryAttribute":"Story 8a","TertiaryAttribute":null,"Payload":{"QuestionText":"Katie just had a very long week at work.\nShe couldn't wait for the weekend, she had made plans to relax and watch her favorite tv series.\nAs Saturday morning rolled around, she woke up to a call from her boss.\nHe asked her if she could come over to work.\nShe happily agreed and had a great time.\nHer boss had noticed how hard everyone worked last week, and threw a party at the office.","DefaultChoices":false,"DataExportTag":"Story f1950964-a906-4b8e-b4a7-1d2b3e3b5541","QuestionType":"DB","Selector":"TB","Configuration":{"QuestionDescriptionOption":"UseText"},"QuestionDescription":"Story 8a","ChoiceOrder":[],"Validation":{"Settings":{"Type":"None"}},"GradingData":[],"Language":[],"NextChoiceId":4,"NextAnswerId":1,"QuestionID":"QID29","DataVisibility":{"Private":false,"Hidden":false}}},{"SurveyID":"SV_51nQDzGIVF11r26","Element":"SQ","PrimaryAttribute":"QID31","SecondaryAttribute":"Story 8b","TertiaryAttribute":null,"Payload":{"QuestionText":"Katie just had a very long week at work.\nShe couldn't wait for the weekend, she had made plans to relax and watch her favorite tv series.\nAs Saturday morning rolled around, she woke up to a call from her boss.\nHe asked her if she could come over to work.\nShe happily agreed and had a great time.\nIt was just another day at the office.","DefaultChoices":false,"DataExportTag":"Story 81838d42-1023-47b2-b10a-952511552efd","QuestionType":"DB","Selector":"TB","Configuration":{"QuestionDescriptionOption":"UseText"},"QuestionDescription":"Story 8b","ChoiceOrder":[],"Validation":{"Settings":{"Type":"None"}},"GradingData":[],"Language":[],"NextChoiceId":4,"NextAnswerId":1,"QuestionID":"QID31","DataVisibility":{"Private":false,"Hidden":false}}},{"SurveyID":"SV_51nQDzGIVF11r26","Element":"SQ","PrimaryAttribute":"QID33","SecondaryAttribute":"Story 9a","TertiaryAttribute":null,"Payload":{"QuestionText":"Peter likes to play pool.\nHe's the best player among his friends, and always plays to win.\nOne night, he's at the pub, chatting and playing with them.\nHe can't win a single game tonight.\nHe's had much more to drink than usual.","DefaultChoices":false,"DataExportTag":"Story b4fe8ec1-0783-419d-b30e-f01b52b86e24","QuestionType":"DB","Selector":"TB","Configuration":{"QuestionDescriptionOption":"UseText"},"QuestionDescription":"Story 9a","ChoiceOrder":[],"Validation":{"Settings":{"Type":"None"}},"GradingData":[],"Language":[],"NextChoiceId":4,"NextAnswerId":1,"QuestionID":"QID33","DataVisibility":{"Private":false,"Hidden":false}}},{"SurveyID":"SV_51nQDzGIVF11r26","Element":"SQ","PrimaryAttribute":"QID35","SecondaryAttribute":"Story 9b","TertiaryAttribute":null,"Payload":{"QuestionText":"Peter likes to play pool.\nHe's the best player among his friends, and always plays to win.\nOne night, he's at the pub, chatting and playing with them.\nHe can't win a single game tonight.","DefaultChoices":false,"DataExportTag":"Story aa0c3ea6-330a-42c1-9039-250242f2056f","QuestionType":"DB","Selector":"TB","Configuration":{"QuestionDescriptionOption":"UseText"},"QuestionDescription":"Story 9b","ChoiceOrder":[],"Validation":{"Settings":{"Type":"None"}},"GradingData":[],"Language":[],"NextChoiceId":4,"NextAnswerId":1,"QuestionID":"QID35","DataVisibility":{"Private":false,"Hidden":false}}},{"SurveyID":"SV_51nQDzGIVF11r26","Element":"SQ","PrimaryAttribute":"QID41","SecondaryAttribute":"You have almost completed the survey. Please note that once you submit your answers, your data wi...","TertiaryAttribute":null,"Payload":{"QuestionText":"<div>You have almost completed the survey.<\/div><div><br><\/div>Please note that once you submit your answers, your data will be  anonymised and submitted to the researcher, and after that point we will not be able to identify, and therefore delete, your answers.<div><br><\/div><div>Your answers have not yet been submitted.<\/div>","DefaultChoices":false,"DataExportTag":"Q41","QuestionType":"DB","Selector":"TB","Configuration":{"QuestionDescriptionOption":"UseText"},"QuestionDescription":"You have almost completed the survey. Please note that once you submit your answers, your data wi...","ChoiceOrder":[],"Validation":{"Settings":{"Type":"None"}},"GradingData":[],"Language":[],"NextChoiceId":4,"NextAnswerId":1,"QuestionID":"QID41"}}]}